
Microsoft Visual Studio Solution File, Format Version 12.00
# Visual Studio Version 17
VisualStudioVersion = 17.0.31903.59
MinimumVisualStudioVersion = 10.0.40219.1
Project("{FAE04EC0-301F-11D3-BF4B-00C04F79EFBC}") = "API", "API\API.csproj", "{2DB10F9F-06A0-41CF-9E9E-6AAB94B2B0B4}"
EndProject
Project("{FAE04EC0-301F-11D3-BF4B-00C04F79EFBC}") = "Application", "Application\Application.csproj", "{9EFEC9BE-DFD3-42E9-9395-5DE9607A56B2}"
EndProject
Project("{FAE04EC0-301F-11D3-BF4B-00C04F79EFBC}") = "Domain", "Domain\Domain.csproj", "{FD19A0AD-38E2-4F62-9AEF-0CD1E7E01AE3}"
EndProject
Project("{FAE04EC0-301F-11D3-BF4B-00C04F79EFBC}") = "Persistence", "Persistence\Persistence.csproj", "{4976D5B8-57F1-4E6C-88B3-E9B1F3BE9AD6}"
EndProject
Global
	GlobalSection(SolutionConfigurationPlatforms) = preSolution
		Debug|Any CPU = Debug|Any CPU
		Debug|x64 = Debug|x64
		Debug|x86 = Debug|x86
		Release|Any CPU = Release|Any CPU
		Release|x64 = Release|x64
		Release|x86 = Release|x86
	EndGlobalSection
	GlobalSection(ProjectConfigurationPlatforms) = postSolution
		{2DB10F9F-06A0-41CF-9E9E-6AAB94B2B0B4}.Debug|Any CPU.ActiveCfg = Debug|Any CPU
		{2DB10F9F-06A0-41CF-9E9E-6AAB94B2B0B4}.Debug|Any CPU.Build.0 = Debug|Any CPU
		{2DB10F9F-06A0-41CF-9E9E-6AAB94B2B0B4}.Debug|x64.ActiveCfg = Debug|Any CPU
		{2DB10F9F-06A0-41CF-9E9E-6AAB94B2B0B4}.Debug|x64.Build.0 = Debug|Any CPU
		{2DB10F9F-06A0-41CF-9E9E-6AAB94B2B0B4}.Debug|x86.ActiveCfg = Debug|Any CPU
		{2DB10F9F-06A0-41CF-9E9E-6AAB94B2B0B4}.Debug|x86.Build.0 = Debug|Any CPU
		{2DB10F9F-06A0-41CF-9E9E-6AAB94B2B0B4}.Release|Any CPU.ActiveCfg = Release|Any CPU
		{2DB10F9F-06A0-41CF-9E9E-6AAB94B2B0B4}.Release|Any CPU.Build.0 = Release|Any CPU
		{2DB10F9F-06A0-41CF-9E9E-6AAB94B2B0B4}.Release|x64.ActiveCfg = Release|Any CPU
		{2DB10F9F-06A0-41CF-9E9E-6AAB94B2B0B4}.Release|x64.Build.0 = Release|Any CPU
		{2DB10F9F-06A0-41CF-9E9E-6AAB94B2B0B4}.Release|x86.ActiveCfg = Release|Any CPU
		{2DB10F9F-06A0-41CF-9E9E-6AAB94B2B0B4}.Release|x86.Build.0 = Release|Any CPU
		{9EFEC9BE-DFD3-42E9-9395-5DE9607A56B2}.Debug|Any CPU.ActiveCfg = Debug|Any CPU
		{9EFEC9BE-DFD3-42E9-9395-5DE9607A56B2}.Debug|Any CPU.Build.0 = Debug|Any CPU
		{9EFEC9BE-DFD3-42E9-9395-5DE9607A56B2}.Debug|x64.ActiveCfg = Debug|Any CPU
		{9EFEC9BE-DFD3-42E9-9395-5DE9607A56B2}.Debug|x64.Build.0 = Debug|Any CPU
		{9EFEC9BE-DFD3-42E9-9395-5DE9607A56B2}.Debug|x86.ActiveCfg = Debug|Any CPU
		{9EFEC9BE-DFD3-42E9-9395-5DE9607A56B2}.Debug|x86.Build.0 = Debug|Any CPU
		{9EFEC9BE-DFD3-42E9-9395-5DE9607A56B2}.Release|Any CPU.ActiveCfg = Release|Any CPU
		{9EFEC9BE-DFD3-42E9-9395-5DE9607A56B2}.Release|Any CPU.Build.0 = Release|Any CPU
		{9EFEC9BE-DFD3-42E9-9395-5DE9607A56B2}.Release|x64.ActiveCfg = Release|Any CPU
		{9EFEC9BE-DFD3-42E9-9395-5DE9607A56B2}.Release|x64.Build.0 = Release|Any CPU
		{9EFEC9BE-DFD3-42E9-9395-5DE9607A56B2}.Release|x86.ActiveCfg = Release|Any CPU
		{9EFEC9BE-DFD3-42E9-9395-5DE9607A56B2}.Release|x86.Build.0 = Release|Any CPU
		{FD19A0AD-38E2-4F62-9AEF-0CD1E7E01AE3}.Debug|Any CPU.ActiveCfg = Debug|Any CPU
		{FD19A0AD-38E2-4F62-9AEF-0CD1E7E01AE3}.Debug|Any CPU.Build.0 = Debug|Any CPU
		{FD19A0AD-38E2-4F62-9AEF-0CD1E7E01AE3}.Debug|x64.ActiveCfg = Debug|Any CPU
		{FD19A0AD-38E2-4F62-9AEF-0CD1E7E01AE3}.Debug|x64.Build.0 = Debug|Any CPU
		{FD19A0AD-38E2-4F62-9AEF-0CD1E7E01AE3}.Debug|x86.ActiveCfg = Debug|Any CPU
		{FD19A0AD-38E2-4F62-9AEF-0CD1E7E01AE3}.Debug|x86.Build.0 = Debug|Any CPU
		{FD19A0AD-38E2-4F62-9AEF-0CD1E7E01AE3}.Release|Any CPU.ActiveCfg = Release|Any CPU
		{FD19A0AD-38E2-4F62-9AEF-0CD1E7E01AE3}.Release|Any CPU.Build.0 = Release|Any CPU
		{FD19A0AD-38E2-4F62-9AEF-0CD1E7E01AE3}.Release|x64.ActiveCfg = Release|Any CPU
		{FD19A0AD-38E2-4F62-9AEF-0CD1E7E01AE3}.Release|x64.Build.0 = Release|Any CPU
		{FD19A0AD-38E2-4F62-9AEF-0CD1E7E01AE3}.Release|x86.ActiveCfg = Release|Any CPU
		{FD19A0AD-38E2-4F62-9AEF-0CD1E7E01AE3}.Release|x86.Build.0 = Release|Any CPU
		{4976D5B8-57F1-4E6C-88B3-E9B1F3BE9AD6}.Debug|Any CPU.ActiveCfg = Debug|Any CPU
		{4976D5B8-57F1-4E6C-88B3-E9B1F3BE9AD6}.Debug|Any CPU.Build.0 = Debug|Any CPU
		{4976D5B8-57F1-4E6C-88B3-E9B1F3BE9AD6}.Debug|x64.ActiveCfg = Debug|Any CPU
		{4976D5B8-57F1-4E6C-88B3-E9B1F3BE9AD6}.Debug|x64.Build.0 = Debug|Any CPU
		{4976D5B8-57F1-4E6C-88B3-E9B1F3BE9AD6}.Debug|x86.ActiveCfg = Debug|Any CPU
		{4976D5B8-57F1-4E6C-88B3-E9B1F3BE9AD6}.Debug|x86.Build.0 = Debug|Any CPU
		{4976D5B8-57F1-4E6C-88B3-E9B1F3BE9AD6}.Release|Any CPU.ActiveCfg = Release|Any CPU
		{4976D5B8-57F1-4E6C-88B3-E9B1F3BE9AD6}.Release|Any CPU.Build.0 = Release|Any CPU
		{4976D5B8-57F1-4E6C-88B3-E9B1F3BE9AD6}.Release|x64.ActiveCfg = Release|Any CPU
		{4976D5B8-57F1-4E6C-88B3-E9B1F3BE9AD6}.Release|x64.Build.0 = Release|Any CPU
		{4976D5B8-57F1-4E6C-88B3-E9B1F3BE9AD6}.Release|x86.ActiveCfg = Release|Any CPU
		{4976D5B8-57F1-4E6C-88B3-E9B1F3BE9AD6}.Release|x86.Build.0 = Release|Any CPU
	EndGlobalSection
	GlobalSection(SolutionProperties) = preSolution
		HideSolutionNode = FALSE
	EndGlobalSection
EndGlobal
